
Microsoft Visual Studio Solution File, Format Version 12.00
# Visual Studio 15
VisualStudioVersion = 15.0.27130.2027
MinimumVisualStudioVersion = 10.0.40219.1
Project("{FAE04EC0-301F-11D3-BF4B-00C04F79EFBC}") = "HW1", "HW1\HW1.csproj", "{A623EAC0-F820-4E67-A558-38A9E7491CEC}"
EndProject
Global
	GlobalSection(SolutionConfigurationPlatforms) = preSolution
		Debug|Any CPU = Debug|Any CPU
		Release|Any CPU = Release|Any CPU
	EndGlobalSection
	GlobalSection(ProjectConfigurationPlatforms) = postSolution
		{A623EAC0-F820-4E67-A558-38A9E7491CEC}.Debug|Any CPU.ActiveCfg = Debug|Any CPU
		{A623EAC0-F820-4E67-A558-38A9E7491CEC}.Debug|Any CPU.Build.0 = Debug|Any CPU
		{A623EAC0-F820-4E67-A558-38A9E7491CEC}.Release|Any CPU.ActiveCfg = Release|Any CPU
		{A623EAC0-F820-4E67-A558-38A9E7491CEC}.Release|Any CPU.Build.0 = Release|Any CPU
	EndGlobalSection
	GlobalSection(SolutionProperties) = preSolution
		HideSolutionNode = FALSE
	EndGlobalSection
	GlobalSection(ExtensibilityGlobals) = postSolution
		SolutionGuid = {52FA175D-B1F5-42E5-993C-FD1E5650D571}
	EndGlobalSection
EndGlobal
